
Microsoft Visual Studio Solution File, Format Version 12.00
# Visual Studio Version 16
VisualStudioVersion = 16.0.29001.49
MinimumVisualStudioVersion = 10.0.40219.1
Project("{FAE04EC0-301F-11D3-BF4B-00C04F79EFBC}") = "constructores", "constructores\constructores.csproj", "{9CAD01D7-6803-4201-9D75-8883A6A34331}"
EndProject
Global
	GlobalSection(SolutionConfigurationPlatforms) = preSolution
		Debug|Any CPU = Debug|Any CPU
		Release|Any CPU = Release|Any CPU
	EndGlobalSection
	GlobalSection(ProjectConfigurationPlatforms) = postSolution
		{9CAD01D7-6803-4201-9D75-8883A6A34331}.Debug|Any CPU.ActiveCfg = Debug|Any CPU
		{9CAD01D7-6803-4201-9D75-8883A6A34331}.Debug|Any CPU.Build.0 = Debug|Any CPU
		{9CAD01D7-6803-4201-9D75-8883A6A34331}.Release|Any CPU.ActiveCfg = Release|Any CPU
		{9CAD01D7-6803-4201-9D75-8883A6A34331}.Release|Any CPU.Build.0 = Release|Any CPU
	EndGlobalSection
	GlobalSection(SolutionProperties) = preSolution
		HideSolutionNode = FALSE
	EndGlobalSection
	GlobalSection(ExtensibilityGlobals) = postSolution
		SolutionGuid = {5E54915C-E032-4A4E-8451-44BBFC929FED}
	EndGlobalSection
EndGlobal
